# This file is autogenerated, do not edit; changes may be undone by the next 'dep ensure'.


[[projects]]
  branch = "master"
  digest = "1:48d676950345b217817eb494bc4fe633dd00c89378e60723b102f5b76eac5d24"
  name = "github.com/naichadouban/goutil"
  packages = ["appdata"]
  pruneopts = "UT"
  revision = "0966ec318b03d947c9df603485b8d98377b3ccc3"

[[projects]]
  branch = "master"
  digest = "1:3485b48ffd5016f7e9f92fde7d44c47544510f8e259534e4c5718ae207a1a5be"
  name = "github.com/naichadouban/mylog"
  packages = [
    "mylog",
    "rotator",
  ]
  pruneopts = "UT"
  revision = "365b0666826b09ce4e995614531159b4fd4eae42"

[solve-meta]
  analyzer-name = "dep"
  analyzer-version = 1
  input-imports = [
    "github.com/naichadouban/goutil/appdata",
    "github.com/naichadouban/mylog/mylog",
    "github.com/naichadouban/mylog/rotator",
  ]
  solver-name = "gps-cdcl"
  solver-version = 1
